
Microsoft Visual Studio Solution File, Format Version 12.00
# Visual Studio Version 16
VisualStudioVersion = 16.0.29102.190
MinimumVisualStudioVersion = 10.0.40219.1
Project("{9092AA53-FB77-4645-B42D-1CCCA6BD08BD}") = "Tire Books", "Tire Books.njsproj", "{F022562B-6041-4F51-9268-8A2B1B756B61}"
EndProject
Global
	GlobalSection(SolutionConfigurationPlatforms) = preSolution
		Debug|Any CPU = Debug|Any CPU
		Release|Any CPU = Release|Any CPU
	EndGlobalSection
	GlobalSection(ProjectConfigurationPlatforms) = postSolution
		{F022562B-6041-4F51-9268-8A2B1B756B61}.Debug|Any CPU.ActiveCfg = Debug|Any CPU
		{F022562B-6041-4F51-9268-8A2B1B756B61}.Debug|Any CPU.Build.0 = Debug|Any CPU
		{F022562B-6041-4F51-9268-8A2B1B756B61}.Release|Any CPU.ActiveCfg = Release|Any CPU
		{F022562B-6041-4F51-9268-8A2B1B756B61}.Release|Any CPU.Build.0 = Release|Any CPU
	EndGlobalSection
	GlobalSection(SolutionProperties) = preSolution
		HideSolutionNode = FALSE
	EndGlobalSection
	GlobalSection(ExtensibilityGlobals) = postSolution
		SolutionGuid = {7143CAEA-5A30-483E-804B-0F61B98BC873}
	EndGlobalSection
EndGlobal
